// !$*UTF8*$!
{
	archiveVersion = 1;
	classes = {
	};
	objectVersion = 46;
	objects = {

/* Begin PBXBuildFile section */
		602EB6B31F52181400CABA2F /* AppDelegate.swift in Sources */ = {isa = PBXBuildFile; fileRef = 602EB6B21F52181400CABA2F /* AppDelegate.swift */; };
		602EB6B51F52181400CABA2F /* ViewController.swift in Sources */ = {isa = PBXBuildFile; fileRef = 602EB6B41F52181400CABA2F /* ViewController.swift */; };
		602EB6B81F52181400CABA2F /* Main.storyboard in Resources */ = {isa = PBXBuildFile; fileRef = 602EB6B61F52181400CABA2F /* Main.storyboard */; };
		602EB6BA1F52181400CABA2F /* Assets.xcassets in Resources */ = {isa = PBXBuildFile; fileRef = 602EB6B91F52181400CABA2F /* Assets.xcassets */; };
		602EB6BD1F52181400CABA2F /* LaunchScreen.storyboard in Resources */ = {isa = PBXBuildFile; fileRef = 602EB6BB1F52181400CABA2F /* LaunchScreen.storyboard */; };
		602EB6C81F52181400CABA2F /* YARNTests.swift in Sources */ = {isa = PBXBuildFile; fileRef = 602EB6C71F52181400CABA2F /* YARNTests.swift */; };
		602EB6D31F52181400CABA2F /* YARNUITests.swift in Sources */ = {isa = PBXBuildFile; fileRef = 602EB6D21F52181400CABA2F /* YARNUITests.swift */; };
/* End PBXBuildFile section */

/* Begin PBXContainerItemProxy section */
		602EB6C41F52181400CABA2F /* PBXContainerItemProxy */ = {
			isa = PBXContainerItemProxy;
			containerPortal = 602EB6A71F52181400CABA2F /* Project object */;
			proxyType = 1;
			remoteGlobalIDString = 602EB6AE1F52181400CABA2F;
			remoteInfo = YARN;
		};
		602EB6CF1F52181400CABA2F /* PBXContainerItemProxy */ = {
			isa = PBXContainerItemProxy;
			containerPortal = 602EB6A71F52181400CABA2F /* Project object */;
			proxyType = 1;
			remoteGlobalIDString = 602EB6AE1F52181400CABA2F;
			remoteInfo = YARN;
		};
/* End PBXContainerItemProxy section */

/* Begin PBXFileReference section */
		602EB6AF1F52181400CABA2F /* YARN.app */ = {isa = PBXFileReference; explicitFileType = wrapper.application; includeInIndex = 0; path = YARN.app; sourceTree = BUILT_PRODUCTS_DIR; };
		602EB6B21F52181400CABA2F /* AppDelegate.swift */ = {isa = PBXFileReference; lastKnownFileType = sourcecode.swift; path = AppDelegate.swift; sourceTree = "<group>"; };
		602EB6B41F52181400CABA2F /* ViewController.swift */ = {isa = PBXFileReference; lastKnownFileType = sourcecode.swift; path = ViewController.swift; sourceTree = "<group>"; };
		602EB6B71F52181400CABA2F /* Base */ = {isa = PBXFileReference; lastKnownFileType = file.storyboard; name = Base; path = Base.lproj/Main.storyboard; sourceTree = "<group>"; };
		602EB6B91F52181400CABA2F /* Assets.xcassets */ = {isa = PBXFileReference; lastKnownFileType = folder.assetcatalog; path = Assets.xcassets; sourceTree = "<group>"; };
		602EB6BC1F52181400CABA2F /* Base */ = {isa = PBXFileReference; lastKnownFileType = file.storyboard; name = Base; path = Base.lproj/LaunchScreen.storyboard; sourceTree = "<group>"; };
		602EB6BE1F52181400CABA2F /* Info.plist */ = {isa = PBXFileReference; lastKnownFileType = text.plist.xml; path = Info.plist; sourceTree = "<group>"; };
		602EB6C31F52181400CABA2F /* YARNTests.xctest */ = {isa = PBXFileReference; explicitFileType = wrapper.cfbundle; includeInIndex = 0; path = YARNTests.xctest; sourceTree = BUILT_PRODUCTS_DIR; };
		602EB6C71F52181400CABA2F /* YARNTests.swift */ = {isa = PBXFileReference; lastKnownFileType = sourcecode.swift; path = YARNTests.swift; sourceTree = "<group>"; };
		602EB6C91F52181400CABA2F /* Info.plist */ = {isa = PBXFileReference; lastKnownFileType = text.plist.xml; path = Info.plist; sourceTree = "<group>"; };
		602EB6CE1F52181400CABA2F /* YARNUITests.xctest */ = {isa = PBXFileReference; explicitFileType = wrapper.cfbundle; includeInIndex = 0; path = YARNUITests.xctest; sourceTree = BUILT_PRODUCTS_DIR; };
		602EB6D21F52181400CABA2F /* YARNUITests.swift */ = {isa = PBXFileReference; lastKnownFileType = sourcecode.swift; path = YARNUITests.swift; sourceTree = "<group>"; };
		602EB6D41F52181400CABA2F /* Info.plist */ = {isa = PBXFileReference; lastKnownFileType = text.plist.xml; path = Info.plist; sourceTree = "<group>"; };
/* End PBXFileReference section */

/* Begin PBXFrameworksBuildPhase section */
		602EB6AC1F52181400CABA2F /* Frameworks */ = {
			isa = PBXFrameworksBuildPhase;
			buildActionMask = 2147483647;
			files = (
			);
			runOnlyForDeploymentPostprocessing = 0;
		};
		602EB6C01F52181400CABA2F /* Frameworks */ = {
			isa = PBXFrameworksBuildPhase;
			buildActionMask = 2147483647;
			files = (
			);
			runOnlyForDeploymentPostprocessing = 0;
		};
		602EB6CB1F52181400CABA2F /* Frameworks */ = {
			isa = PBXFrameworksBuildPhase;
			buildActionMask = 2147483647;
			files = (
			);
			runOnlyForDeploymentPostprocessing = 0;
		};
/* End PBXFrameworksBuildPhase section */

/* Begin PBXGroup section */
		602EB6A61F52181400CABA2F = {
			isa = PBXGroup;
			children = (
				602EB6B11F52181400CABA2F /* YARN */,
				602EB6C61F52181400CABA2F /* YARNTests */,
				602EB6D11F52181400CABA2F /* YARNUITests */,
				602EB6B01F52181400CABA2F /* Products */,
			);
			sourceTree = "<group>";
		};
		602EB6B01F52181400CABA2F /* Products */ = {
			isa = PBXGroup;
			children = (
				602EB6AF1F52181400CABA2F /* YARN.app */,
				602EB6C31F52181400CABA2F /* YARNTests.xctest */,
				602EB6CE1F52181400CABA2F /* YARNUITests.xctest */,
			);
			name = Products;
			sourceTree = "<group>";
		};
		602EB6B11F52181400CABA2F /* YARN */ = {
			isa = PBXGroup;
			children = (
				602EB6B21F52181400CABA2F /* AppDelegate.swift */,
				602EB6B41F52181400CABA2F /* ViewController.swift */,
				602EB6B61F52181400CABA2F /* Main.storyboard */,
				602EB6B91F52181400CABA2F /* Assets.xcassets */,
				602EB6BB1F52181400CABA2F /* LaunchScreen.storyboard */,
				602EB6BE1F52181400CABA2F /* Info.plist */,
			);
			path = YARN;
			sourceTree = "<group>";
		};
		602EB6C61F52181400CABA2F /* YARNTests */ = {
			isa = PBXGroup;
			children = (
				602EB6C71F52181400CABA2F /* YARNTests.swift */,
				602EB6C91F52181400CABA2F /* Info.plist */,
			);
			path = YARNTests;
			sourceTree = "<group>";
		};
		602EB6D11F52181400CABA2F /* YARNUITests */ = {
			isa = PBXGroup;
			children = (
				602EB6D21F52181400CABA2F /* YARNUITests.swift */,
				602EB6D41F52181400CABA2F /* Info.plist */,
			);
			path = YARNUITests;
			sourceTree = "<group>";
		};
/* End PBXGroup section */

/* Begin PBXNativeTarget section */
		602EB6AE1F52181400CABA2F /* YARN */ = {
			isa = PBXNativeTarget;
			buildConfigurationList = 602EB6D71F52181400CABA2F /* Build configuration list for PBXNativeTarget "YARN" */;
			buildPhases = (
				602EB6AB1F52181400CABA2F /* Sources */,
				602EB6AC1F52181400CABA2F /* Frameworks */,
				602EB6AD1F52181400CABA2F /* Resources */,
			);
			buildRules = (
			);
			dependencies = (
			);
			name = YARN;
			productName = YARN;
			productReference = 602EB6AF1F52181400CABA2F /* YARN.app */;
			productType = "com.apple.product-type.application";
		};
		602EB6C21F52181400CABA2F /* YARNTests */ = {
			isa = PBXNativeTarget;
			buildConfigurationList = 602EB6DA1F52181400CABA2F /* Build configuration list for PBXNativeTarget "YARNTests" */;
			buildPhases = (
				602EB6BF1F52181400CABA2F /* Sources */,
				602EB6C01F52181400CABA2F /* Frameworks */,
				602EB6C11F52181400CABA2F /* Resources */,
			);
			buildRules = (
			);
			dependencies = (
				602EB6C51F52181400CABA2F /* PBXTargetDependency */,
			);
			name = YARNTests;
			productName = YARNTests;
			productReference = 602EB6C31F52181400CABA2F /* YARNTests.xctest */;
			productType = "com.apple.product-type.bundle.unit-test";
		};
		602EB6CD1F52181400CABA2F /* YARNUITests */ = {
			isa = PBXNativeTarget;
			buildConfigurationList = 602EB6DD1F52181400CABA2F /* Build configuration list for PBXNativeTarget "YARNUITests" */;
			buildPhases = (
				602EB6CA1F52181400CABA2F /* Sources */,
				602EB6CB1F52181400CABA2F /* Frameworks */,
				602EB6CC1F52181400CABA2F /* Resources */,
			);
			buildRules = (
			);
			dependencies = (
				602EB6D01F52181400CABA2F /* PBXTargetDependency */,
			);
			name = YARNUITests;
			productName = YARNUITests;
			productReference = 602EB6CE1F52181400CABA2F /* YARNUITests.xctest */;
			productType = "com.apple.product-type.bundle.ui-testing";
		};
/* End PBXNativeTarget section */

/* Begin PBXProject section */
		602EB6A71F52181400CABA2F /* Project object */ = {
			isa = PBXProject;
			attributes = {
				LastSwiftUpdateCheck = 0830;
				LastUpgradeCheck = 0830;
				ORGANIZATIONNAME = "Alexandr Zanko";
				TargetAttributes = {
					602EB6AE1F52181400CABA2F = {
						CreatedOnToolsVersion = 8.3.3;
						DevelopmentTeam = 7J9747ADCA;
						ProvisioningStyle = Automatic;
					};
					602EB6C21F52181400CABA2F = {
						CreatedOnToolsVersion = 8.3.3;
						DevelopmentTeam = 7J9747ADCA;
						ProvisioningStyle = Automatic;
						TestTargetID = 602EB6AE1F52181400CABA2F;
					};
					602EB6CD1F52181400CABA2F = {
						CreatedOnToolsVersion = 8.3.3;
						DevelopmentTeam = 7J9747ADCA;
						ProvisioningStyle = Automatic;
						TestTargetID = 602EB6AE1F52181400CABA2F;
					};
				};
			};
			buildConfigurationList = 602EB6AA1F52181400CABA2F /* Build configuration list for PBXProject "YARN" */;
			compatibilityVersion = "Xcode 3.2";
			developmentRegion = English;
			hasScannedForEncodings = 0;
			knownRegions = (
				en,
				Base,
			);
			mainGroup = 602EB6A61F52181400CABA2F;
			productRefGroup = 602EB6B01F52181400CABA2F /* Products */;
			projectDirPath = "";
			projectRoot = "";
			targets = (
				602EB6AE1F52181400CABA2F /* YARN */,
				602EB6C21F52181400CABA2F /* YARNTests */,
				602EB6CD1F52181400CABA2F /* YARNUITests */,
			);
		};
/* End PBXProject section */

/* Begin PBXResourcesBuildPhase section */
		602EB6AD1F52181400CABA2F /* Resources */ = {
			isa = PBXResourcesBuildPhase;
			buildActionMask = 2147483647;
			files = (
				602EB6BD1F52181400CABA2F /* LaunchScreen.storyboard in Resources */,
				602EB6BA1F52181400CABA2F /* Assets.xcassets in Resources */,
				602EB6B81F52181400CABA2F /* Main.storyboard in Resources */,
			);
			runOnlyForDeploymentPostprocessing = 0;
		};
		602EB6C11F52181400CABA2F /* Resources */ = {
			isa = PBXResourcesBuildPhase;
			buildActionMask = 2147483647;
			files = (
			);
			runOnlyForDeploymentPostprocessing = 0;
		};
		602EB6CC1F52181400CABA2F /* Resources */ = {
			isa = PBXResourcesBuildPhase;
			buildActionMask = 2147483647;
			files = (
			);
			runOnlyForDeploymentPostprocessing = 0;
		};
/* End PBXResourcesBuildPhase section */

/* Begin PBXSourcesBuildPhase section */
		602EB6AB1F52181400CABA2F /* Sources */ = {
			isa = PBXSourcesBuildPhase;
			buildActionMask = 2147483647;
			files = (
				602EB6B51F52181400CABA2F /* ViewController.swift in Sources */,
				602EB6B31F52181400CABA2F /* AppDelegate.swift in Sources */,
			);
			runOnlyForDeploymentPostprocessing = 0;
		};
		602EB6BF1F52181400CABA2F /* Sources */ = {
			isa = PBXSourcesBuildPhase;
			buildActionMask = 2147483647;
			files = (
				602EB6C81F52181400CABA2F /* YARNTests.swift in Sources */,
			);
			runOnlyForDeploymentPostprocessing = 0;
		};
		602EB6CA1F52181400CABA2F /* Sources */ = {
			isa = PBXSourcesBuildPhase;
			buildActionMask = 2147483647;
			files = (
				602EB6D31F52181400CABA2F /* YARNUITests.swift in Sources */,
			);
			runOnlyForDeploymentPostprocessing = 0;
		};
/* End PBXSourcesBuildPhase section */

/* Begin PBXTargetDependency section */
		602EB6C51F52181400CABA2F /* PBXTargetDependency */ = {
			isa = PBXTargetDependency;
			target = 602EB6AE1F52181400CABA2F /* YARN */;
			targetProxy = 602EB6C41F52181400CABA2F /* PBXContainerItemProxy */;
		};
		602EB6D01F52181400CABA2F /* PBXTargetDependency */ = {
			isa = PBXTargetDependency;
			target = 602EB6AE1F52181400CABA2F /* YARN */;
			targetProxy = 602EB6CF1F52181400CABA2F /* PBXContainerItemProxy */;
		};
/* End PBXTargetDependency section */

/* Begin PBXVariantGroup section */
		602EB6B61F52181400CABA2F /* Main.storyboard */ = {
			isa = PBXVariantGroup;
			children = (
				602EB6B71F52181400CABA2F /* Base */,
			);
			name = Main.storyboard;
			sourceTree = "<group>";
		};
		602EB6BB1F52181400CABA2F /* LaunchScreen.storyboard */ = {
			isa = PBXVariantGroup;
			children = (
				602EB6BC1F52181400CABA2F /* Base */,
			);
			name = LaunchScreen.storyboard;
			sourceTree = "<group>";
		};
/* End PBXVariantGroup section */

/* Begin XCBuildConfiguration section */
		602EB6D51F52181400CABA2F /* Debug */ = {
			isa = XCBuildConfiguration;
			buildSettings = {
				ALWAYS_SEARCH_USER_PATHS = NO;
				CLANG_ANALYZER_NONNULL = YES;
				CLANG_ANALYZER_NUMBER_OBJECT_CONVERSION = YES_AGGRESSIVE;
				CLANG_CXX_LANGUAGE_STANDARD = "gnu++0x";
				CLANG_CXX_LIBRARY = "libc++";
				CLANG_ENABLE_MODULES = YES;
				CLANG_ENABLE_OBJC_ARC = YES;
				CLANG_WARN_BOOL_CONVERSION = YES;
				CLANG_WARN_CONSTANT_CONVERSION = YES;
				CLANG_WARN_DIRECT_OBJC_ISA_USAGE = YES_ERROR;
				CLANG_WARN_DOCUMENTATION_COMMENTS = YES;
				CLANG_WARN_EMPTY_BODY = YES;
				CLANG_WARN_ENUM_CONVERSION = YES;
				CLANG_WARN_INFINITE_RECURSION = YES;
				CLANG_WARN_INT_CONVERSION = YES;
				CLANG_WARN_OBJC_ROOT_CLASS = YES_ERROR;
				CLANG_WARN_SUSPICIOUS_MOVE = YES;
				CLANG_WARN_UNREACHABLE_CODE = YES;
				CLANG_WARN__DUPLICATE_METHOD_MATCH = YES;
				"CODE_SIGN_IDENTITY[sdk=iphoneos*]" = "iPhone Developer";
				COPY_PHASE_STRIP = NO;
				DEBUG_INFORMATION_FORMAT = dwarf;
				ENABLE_STRICT_OBJC_MSGSEND = YES;
				ENABLE_TESTABILITY = YES;
				GCC_C_LANGUAGE_STANDARD = gnu99;
				GCC_DYNAMIC_NO_PIC = NO;
				GCC_NO_COMMON_BLOCKS = YES;
				GCC_OPTIMIZATION_LEVEL = 0;
				GCC_PREPROCESSOR_DEFINITIONS = (
					"DEBUG=1",
					"$(inherited)",
				);
				GCC_WARN_64_TO_32_BIT_CONVERSION = YES;
				GCC_WARN_ABOUT_RETURN_TYPE = YES_ERROR;
				GCC_WARN_UNDECLARED_SELECTOR = YES;
				GCC_WARN_UNINITIALIZED_AUTOS = YES_AGGRESSIVE;
				GCC_WARN_UNUSED_FUNCTION = YES;
				GCC_WARN_UNUSED_VARIABLE = YES;
				IPHONEOS_DEPLOYMENT_TARGET = 10.3;
				MTL_ENABLE_DEBUG_INFO = YES;
				ONLY_ACTIVE_ARCH = YES;
				SDKROOT = iphoneos;
				SWIFT_ACTIVE_COMPILATION_CONDITIONS = DEBUG;
				SWIFT_OPTIMIZATION_LEVEL = "-Onone";
			};
			name = Debug;
		};
		602EB6D61F52181400CABA2F /* Release */ = {
			isa = XCBuildConfiguration;
			buildSettings = {
				ALWAYS_SEARCH_USER_PATHS = NO;
				CLANG_ANALYZER_NONNULL = YES;
				CLANG_ANALYZER_NUMBER_OBJECT_CONVERSION = YES_AGGRESSIVE;
				CLANG_CXX_LANGUAGE_STANDARD = "gnu++0x";
				CLANG_CXX_LIBRARY = "libc++";
				CLANG_ENABLE_MODULES = YES;
				CLANG_ENABLE_OBJC_ARC = YES;
				CLANG_WARN_BOOL_CONVERSION = YES;
				CLANG_WARN_CONSTANT_CONVERSION = YES;
				CLANG_WARN_DIRECT_OBJC_ISA_USAGE = YES_ERROR;
				CLANG_WARN_DOCUMENTATION_COMMENTS = YES;
				CLANG_WARN_EMPTY_BODY = YES;
				CLANG_WARN_ENUM_CONVERSION = YES;
				CLANG_WARN_INFINITE_RECURSION = YES;
				CLANG_WARN_INT_CONVERSION = YES;
				CLANG_WARN_OBJC_ROOT_CLASS = YES_ERROR;
				CLANG_WARN_SUSPICIOUS_MOVE = YES;
				CLANG_WARN_UNREACHABLE_CODE = YES;
				CLANG_WARN__DUPLICATE_METHOD_MATCH = YES;
				"CODE_SIGN_IDENTITY[sdk=iphoneos*]" = "iPhone Developer";
				COPY_PHASE_STRIP = NO;
				DEBUG_INFORMATION_FORMAT = "dwarf-with-dsym";
				ENABLE_NS_ASSERTIONS = NO;
				ENABLE_STRICT_OBJC_MSGSEND = YES;
				GCC_C_LANGUAGE_STANDARD = gnu99;
				GCC_NO_COMMON_BLOCKS = YES;
				GCC_WARN_64_TO_32_BIT_CONVERSION = YES;
				GCC_WARN_ABOUT_RETURN_TYPE = YES_ERROR;
				GCC_WARN_UNDECLARED_SELECTOR = YES;
				GCC_WARN_UNINITIALIZED_AUTOS = YES_AGGRESSIVE;
				GCC_WARN_UNUSED_FUNCTION = YES;
				GCC_WARN_UNUSED_VARIABLE = YES;
				IPHONEOS_DEPLOYMENT_TARGET = 10.3;
				MTL_ENABLE_DEBUG_INFO = NO;
				SDKROOT = iphoneos;
				SWIFT_OPTIMIZATION_LEVEL = "-Owholemodule";
				VALIDATE_PRODUCT = YES;
			};
			name = Release;
		};
		602EB6D81F52181400CABA2F /* Debug */ = {
			isa = XCBuildConfiguration;
			buildSettings = {
				ASSETCATALOG_COMPILER_APPICON_NAME = AppIcon;
				DEVELOPMENT_TEAM = 7J9747ADCA;
				INFOPLIST_FILE = YARN/Info.plist;
				LD_RUNPATH_SEARCH_PATHS = "$(inherited) @executable_path/Frameworks";
				PRODUCT_BUNDLE_IDENTIFIER = netbix.YARN;
				PRODUCT_NAME = "$(TARGET_NAME)";
				SWIFT_VERSION = 3.0;
			};
			name = Debug;
		};
		602EB6D91F52181400CABA2F /* Release */ = {
			isa = XCBuildConfiguration;
			buildSettings = {
				ASSETCATALOG_COMPILER_APPICON_NAME = AppIcon;
				DEVELOPMENT_TEAM = 7J9747ADCA;
				INFOPLIST_FILE = YARN/Info.plist;
				LD_RUNPATH_SEARCH_PATHS = "$(inherited) @executable_path/Frameworks";
				PRODUCT_BUNDLE_IDENTIFIER = netbix.YARN;
				PRODUCT_NAME = "$(TARGET_NAME)";
				SWIFT_VERSION = 3.0;
			};
			name = Release;
		};
		602EB6DB1F52181400CABA2F /* Debug */ = {
			isa = XCBuildConfiguration;
			buildSettings = {
				ALWAYS_EMBED_SWIFT_STANDARD_LIBRARIES = YES;
				BUNDLE_LOADER = "$(TEST_HOST)";
				DEVELOPMENT_TEAM = 7J9747ADCA;
				INFOPLIST_FILE = YARNTests/Info.plist;
				LD_RUNPATH_SEARCH_PATHS = "$(inherited) @executable_path/Frameworks @loader_path/Frameworks";
				PRODUCT_BUNDLE_IDENTIFIER = netbix.YARNTests;
				PRODUCT_NAME = "$(TARGET_NAME)";
				SWIFT_VERSION = 3.0;
				TEST_HOST = "$(BUILT_PRODUCTS_DIR)/YARN.app/YARN";
			};
			name = Debug;
		};
		602EB6DC1F52181400CABA2F /* Release */ = {
			isa = XCBuildConfiguration;
			buildSettings = {
				ALWAYS_EMBED_SWIFT_STANDARD_LIBRARIES = YES;
				BUNDLE_LOADER = "$(TEST_HOST)";
				DEVELOPMENT_TEAM = 7J9747ADCA;
				INFOPLIST_FILE = YARNTests/Info.plist;
				LD_RUNPATH_SEARCH_PATHS = "$(inherited) @executable_path/Frameworks @loader_path/Frameworks";
				PRODUCT_BUNDLE_IDENTIFIER = netbix.YARNTests;
				PRODUCT_NAME = "$(TARGET_NAME)";
				SWIFT_VERSION = 3.0;
				TEST_HOST = "$(BUILT_PRODUCTS_DIR)/YARN.app/YARN";
			};
			name = Release;
		};
		602EB6DE1F52181400CABA2F /* Debug */ = {
			isa = XCBuildConfiguration;
			buildSettings = {
				ALWAYS_EMBED_SWIFT_STANDARD_LIBRARIES = YES;
				DEVELOPMENT_TEAM = 7J9747ADCA;
				INFOPLIST_FILE = YARNUITests/Info.plist;
				LD_RUNPATH_SEARCH_PATHS = "$(inherited) @executable_path/Frameworks @loader_path/Frameworks";
				PRODUCT_BUNDLE_IDENTIFIER = netbix.YARNUITests;
				PRODUCT_NAME = "$(TARGET_NAME)";
				SWIFT_VERSION = 3.0;
				TEST_TARGET_NAME = YARN;
			};
			name = Debug;
		};
		602EB6DF1F52181400CABA2F /* Release */ = {
			isa = XCBuildConfiguration;
			buildSettings = {
				ALWAYS_EMBED_SWIFT_STANDARD_LIBRARIES = YES;
				DEVELOPMENT_TEAM = 7J9747ADCA;
				INFOPLIST_FILE = YARNUITests/Info.plist;
				LD_RUNPATH_SEARCH_PATHS = "$(inherited) @executable_path/Frameworks @loader_path/Frameworks";
				PRODUCT_BUNDLE_IDENTIFIER = netbix.YARNUITests;
				PRODUCT_NAME = "$(TARGET_NAME)";
				SWIFT_VERSION = 3.0;
				TEST_TARGET_NAME = YARN;
			};
			name = Release;
		};
/* End XCBuildConfiguration section */

/* Begin XCConfigurationList section */
		602EB6AA1F52181400CABA2F /* Build configuration list for PBXProject "YARN" */ = {
			isa = XCConfigurationList;
			buildConfigurations = (
				602EB6D51F52181400CABA2F /* Debug */,
				602EB6D61F52181400CABA2F /* Release */,
			);
			defaultConfigurationIsVisible = 0;
			defaultConfigurationName = Release;
		};
		602EB6D71F52181400CABA2F /* Build configuration list for PBXNativeTarget "YARN" */ = {
			isa = XCConfigurationList;
			buildConfigurations = (
				602EB6D81F52181400CABA2F /* Debug */,
				602EB6D91F52181400CABA2F /* Release */,
			);
			defaultConfigurationIsVisible = 0;
		};
		602EB6DA1F52181400CABA2F /* Build configuration list for PBXNativeTarget "YARNTests" */ = {
			isa = XCConfigurationList;
			buildConfigurations = (
				602EB6DB1F52181400CABA2F /* Debug */,
				602EB6DC1F52181400CABA2F /* Release */,
			);
			defaultConfigurationIsVisible = 0;
		};
		602EB6DD1F52181400CABA2F /* Build configuration list for PBXNativeTarget "YARNUITests" */ = {
			isa = XCConfigurationList;
			buildConfigurations = (
				602EB6DE1F52181400CABA2F /* Debug */,
				602EB6DF1F52181400CABA2F /* Release */,
			);
			defaultConfigurationIsVisible = 0;
		};
/* End XCConfigurationList section */
	};
	rootObject = 602EB6A71F52181400CABA2F /* Project object */;
}
